
Microsoft Visual Studio Solution File, Format Version 12.00
# Visual Studio Version 16
VisualStudioVersion = 16.0.29709.97
MinimumVisualStudioVersion = 10.0.40219.1
Project("{FAE04EC0-301F-11D3-BF4B-00C04F79EFBC}") = "DND_Demo", "DND_Demo\DND_Demo.csproj", "{6E83E959-35BA-4DC2-9122-86CC5ED501CD}"
EndProject
Global
	GlobalSection(SolutionConfigurationPlatforms) = preSolution
		Debug|Any CPU = Debug|Any CPU
		Release|Any CPU = Release|Any CPU
	EndGlobalSection
	GlobalSection(ProjectConfigurationPlatforms) = postSolution
		{6E83E959-35BA-4DC2-9122-86CC5ED501CD}.Debug|Any CPU.ActiveCfg = Debug|Any CPU
		{6E83E959-35BA-4DC2-9122-86CC5ED501CD}.Debug|Any CPU.Build.0 = Debug|Any CPU
		{6E83E959-35BA-4DC2-9122-86CC5ED501CD}.Release|Any CPU.ActiveCfg = Release|Any CPU
		{6E83E959-35BA-4DC2-9122-86CC5ED501CD}.Release|Any CPU.Build.0 = Release|Any CPU
	EndGlobalSection
	GlobalSection(SolutionProperties) = preSolution
		HideSolutionNode = FALSE
	EndGlobalSection
	GlobalSection(ExtensibilityGlobals) = postSolution
		SolutionGuid = {E612696E-DD9E-4DB5-AAA3-0FFD2EDAB812}
	EndGlobalSection
EndGlobal
